github.com/cuigh/auxo v0.0.0-20180702082751-596111dadd59 h1:mzIOndofkhmVk6f4XPq715YQ2EH0wbSt2SOP0r3Ym6U=
github.com/cuigh/auxo v0.0.0-20180702082751-596111dadd59/go.mod h1:d1PEypAL3Oqwb3OILA0KaBNmhz7gSXdzRABgefRbHr8=
github.com/globalsign/mgo v0.0.0-20180615134936-113d3961e731 h1:y7wyeiA6T+TT+HGC9DYypvLkUeg99N4rqHMzn2MmjYk=
github.com/globalsign/mgo v0.0.0-20180615134936-113d3961e731/go.mod h1:xkRDCp4j0OGD1HRkm4kmhM+pmpv3AKq5SU7GMg4oO/Q=
github.com/gogo/protobuf v1.0.0/go.mod h1:r8qH/GZQm5c6nD/R0oafs1akxWv10x8SbQlK7atdtwQ=
